# This file is generated by running "yarn install" inside your project.
# Manual changes might be lost - proceed with caution!

__metadata:
  version: 4
  cacheKey: 7

"@discordjs/collection@npm:^0.1.6":
  version: 0.1.6
  resolution: "@discordjs/collection@npm:0.1.6"
  checksum: da87faf9975e9320a4aa5e8a78312849e4767eb5b0c3348612a0f2d07b5bad4bb91c8c65a5a8ffecc007574c5eebd4790d2e13880af6fd2ae865ba3161495f9a
  languageName: node
  linkType: hard

"@discordjs/form-data@npm:^3.0.1":
  version: 3.0.1
  resolution: "@discordjs/form-data@npm:3.0.1"
  dependencies:
    asynckit: ^0.4.0
    combined-stream: ^1.0.8
    mime-types: ^2.1.12
  checksum: 2ddf4c9bba170ea325cabae28d8d4f3e2e132a4eded64d242dbaafb514d0109c338a18bd0cab4d3464dca8f2da1c6ddc870ef96b89d7b5ed16f155cd171bf1a4
  languageName: node
  linkType: hard

"@duxcore/interactive-discord@npm:^1.4.8":
  version: 1.4.8
  resolution: "@duxcore/interactive-discord@npm:1.4.8"
  dependencies:
    axios: ^0.21.1
    discord.js: 12.5.2
    patch-package: ^6.4.7
    postinstall-postinstall: ^2.1.0
    tiny-typed-emitter: ^2.0.3
    typescript: ^4.3.2
    uuid: ^8.3.2
  checksum: ae7c7b26658f6676eb3745c8dabc6b273c458dfb56a68c9742ca46cbf355200875a55552a96ecbb255825b5265c60012d0dd09c23693b21ea5d91b82bd04bc42
  languageName: node
  linkType: hard

"@types/node@npm:^16.3.2":
  version: 16.3.2
  resolution: "@types/node@npm:16.3.2"
  checksum: 11896edc7022a40f8938e64f57e497b3110ca732bdef785f86f0a0a819609e9b78ad0c950dcaa59177bc299f2793489b605a3e713cdf7900a39031f0018e2134
  languageName: node
  linkType: hard

"@yarnpkg/lockfile@npm:^1.1.0":
  version: 1.1.0
  resolution: "@yarnpkg/lockfile@npm:1.1.0"
  checksum: 76f3f2625334fb4d37881408643b61ae08e1cfcdeb5db3e3e92f626b3535f99e963df8bafe5c07d85aa1dd09a308939eb4d0667ed4a4e93e645417b6af6e9a2f
  languageName: node
  linkType: hard

"abort-controller@npm:^3.0.0":
  version: 3.0.0
  resolution: "abort-controller@npm:3.0.0"
  dependencies:
    event-target-shim: ^5.0.0
  checksum: cc53ad8df9a6de3f55d4f804fca5106908f855e47b572fb5ab3cdd723b76374686dcefa557a2f87d4396db77e31bc0e6ce9d48637388cef6d884c29ad2691448
  languageName: node
  linkType: hard

"ansi-styles@npm:^3.2.1":
  version: 3.2.1
  resolution: "ansi-styles@npm:3.2.1"
  dependencies:
    color-convert: ^1.9.0
  checksum: 456e1c23d9277512a47718da75e7fbb0a5ee215ef893c2f76d6b3efe8fceabc861121b80b0362146f5f995d21a1633f05a19bbf6283ae66ac11dc3b9c0bed779
  languageName: node
  linkType: hard

"asynckit@npm:^0.4.0":
  version: 0.4.0
  resolution: "asynckit@npm:0.4.0"
  checksum: a024000b9ddd938e2f27b3cb8188f96a5e1fff58185e98b84862fc4e01de279a547874a800340c2b106bb9de9b0fc61c6c683bc6892abf65e6be29a96addafd3
  languageName: node
  linkType: hard

"axios@npm:^0.21.1":
  version: 0.21.1
  resolution: "axios@npm:0.21.1"
  dependencies:
    follow-redirects: ^1.10.0
  checksum: 864fb7b5d077d236737f10adca53bf451a93f35a15271f56fba8da07265a02d26b7d881b935a6697dc6adb0549ea3e56d2eecb403edaa3bb78f6479901c10f69
  languageName: node
  linkType: hard

"balanced-match@npm:^1.0.0":
  version: 1.0.2
  resolution: "balanced-match@npm:1.0.2"
  checksum: 690643f3009a04289ac401079de5a780aae452f7625fb2884051cc847b231e6521ee15dd6430b066d3cf4bd8bb00bb7ff55b7d134f34b8f0b8c043806796f94e
  languageName: node
  linkType: hard

"brace-expansion@npm:^1.1.7":
  version: 1.1.11
  resolution: "brace-expansion@npm:1.1.11"
  dependencies:
    balanced-match: ^1.0.0
    concat-map: 0.0.1
  checksum: 4c878e25e4858baf801945dfd63eb68feab2e502cf1122f25f3915c0e3bf397af3a93ff6bef0798db41c0d81ef28c08e55daac38058710f749a3b96eee6b8f40
  languageName: node
  linkType: hard

"braces@npm:^3.0.1":
  version: 3.0.2
  resolution: "braces@npm:3.0.2"
  dependencies:
    fill-range: ^7.0.1
  checksum: f3493181c3e91a1333d3c9afc9b3263a3f62f4ced0b033c372efc1373b48a7699557f4e04026b232a8556e043ca5360a9d3008c33852350138d4b0ea57558b8d
  languageName: node
  linkType: hard

"chalk@npm:^2.4.2":
  version: 2.4.2
  resolution: "chalk@npm:2.4.2"
  dependencies:
    ansi-styles: ^3.2.1
    escape-string-regexp: ^1.0.5
    supports-color: ^5.3.0
  checksum: 22c7b7b5bc761c882bb6516454a1a671923f1c53ff972860065aa0b28a195f230163c1d46ee88bcc7a03e5539177d896457d8bc727de7f244c6e87032743038e
  languageName: node
  linkType: hard

"ci-info@npm:^2.0.0":
  version: 2.0.0
  resolution: "ci-info@npm:2.0.0"
  checksum: 553fe83c085fce5e19e20f85b993f24a463e6f805803837a8868607bb68b1300567868694a5dff1beca6c54926a4c0be1cc9ef0c35f810653d590bf64183f6a0
  languageName: node
  linkType: hard

"color-convert@npm:^1.9.0":
  version: 1.9.3
  resolution: "color-convert@npm:1.9.3"
  dependencies:
    color-name: 1.1.3
  checksum: 5f244daa3d1fe1f216d48878c550465067d15268688308554e613b7640a068f96588096d51f0b98b68f15d6ff6bb8ad24e172582ac8c0ad43fa4d3da60fd1b79
  languageName: node
  linkType: hard

"color-name@npm:1.1.3":
  version: 1.1.3
  resolution: "color-name@npm:1.1.3"
  checksum: d8b91bb90aefc05b6ff568cf8889566dcc6269824df6f3c9b8ca842b18d7f4d089c07dc166808d33f22092d4a79167aa56a96a5ff0d21efab548bf44614db43b
  languageName: node
  linkType: hard

"combined-stream@npm:^1.0.8":
  version: 1.0.8
  resolution: "combined-stream@npm:1.0.8"
  dependencies:
    delayed-stream: ~1.0.0
  checksum: 5791ce7944530f0db74a97e77ea28b6fdbf89afcf038e41d6b4195019c4c803cd19ed2905a54959e5b3830d50bd5d6f93c681c6d3aaea8614ad43b48e62e9d65
  languageName: node
  linkType: hard

"concat-map@npm:0.0.1":
  version: 0.0.1
  resolution: "concat-map@npm:0.0.1"
  checksum: 554e28d9ee5aa6e061795473ee092cb3d3a2cbdb76c35416e0bb6e03f136d7d07676da387b2ed0ec4106cedbb6534080d9abc48ecc4a92b76406cf2d0c3c0c4b
  languageName: node
  linkType: hard

"cross-spawn@npm:^6.0.5":
  version: 6.0.5
  resolution: "cross-spawn@npm:6.0.5"
  dependencies:
    nice-try: ^1.0.4
    path-key: ^2.0.1
    semver: ^5.5.0
    shebang-command: ^1.2.0
    which: ^1.2.9
  checksum: 05fbbf957d9b81dc05fd799a238f6aacc2e7cc9783fff3f0e00439a97d6f269c90482571cbf1eeea17200fd119161a2d1f88aa49a8110b176e04f2a70825284f
  languageName: node
  linkType: hard

"delayed-stream@npm:~1.0.0":
  version: 1.0.0
  resolution: "delayed-stream@npm:1.0.0"
  checksum: d9dfb0a7c79fd308fada9db2cf29d1ff22047ceb50dd78f7e3c173567909b438f418259cb76a6d9c9f513e88ef41d3a14154f618741ec8368c3efeff616d0c9f
  languageName: node
  linkType: hard

"discord.js@npm:12.5.2":
  version: 12.5.2
  resolution: "discord.js@npm:12.5.2"
  dependencies:
    "@discordjs/collection": ^0.1.6
    "@discordjs/form-data": ^3.0.1
    abort-controller: ^3.0.0
    node-fetch: ^2.6.1
    prism-media: ^1.2.9
    setimmediate: ^1.0.5
    tweetnacl: ^1.0.3
    ws: ^7.4.4
  checksum: db065d81593a898b26d8d7da2a7e7a6ab7e4225ba79c664580f08e393ddfef53b90e4feb555a4a8984604db3808c16bb241ab9aaf88da491b78d25e5ed47d3c7
  languageName: node
  linkType: hard

"discord.js@npm:^12.5.3":
  version: 12.5.3
  resolution: "discord.js@npm:12.5.3"
  dependencies:
    "@discordjs/collection": ^0.1.6
    "@discordjs/form-data": ^3.0.1
    abort-controller: ^3.0.0
    node-fetch: ^2.6.1
    prism-media: ^1.2.9
    setimmediate: ^1.0.5
    tweetnacl: ^1.0.3
    ws: ^7.4.4
  checksum: 365e21b12496c47be80a4e2cd6d81665653908fcd22a5f46a5507ad8771cb20c40fab893ebb192af23e2bdb0db5c1eca8c5228c9f689951d0fd1139c3bcd567f
  languageName: node
  linkType: hard

"dotenv@npm:^10.0.0":
  version: 10.0.0
  resolution: "dotenv@npm:10.0.0"
  checksum: 9c45712e213de63bdb646b8e5344749b7566e25a67bbd3f03711d54e40eff10066c1f23eff0081d0949fda7c8efcc6e9e8bf18d0f023a8274f55f5d5f97bb6db
  languageName: node
  linkType: hard

"escape-string-regexp@npm:^1.0.5":
  version: 1.0.5
  resolution: "escape-string-regexp@npm:1.0.5"
  checksum: f9484b8b4c8827d816e0fd905c25ed4b561376a9c220e1430403ea84619bf680c76a883a48cff8b8e091daf55d6a497e37479f9787b9f15f3c421b6054289744
  languageName: node
  linkType: hard

"event-target-shim@npm:^5.0.0":
  version: 5.0.1
  resolution: "event-target-shim@npm:5.0.1"
  checksum: d176477a31adf328ff50148886e46cef3f61ff8bdc1d6db161f6b3ead2501085d5652a81fab8dddc59aed93727231c0b5c8a0948de77ae401b2d977a3d18329e
  languageName: node
  linkType: hard

"fill-range@npm:^7.0.1":
  version: 7.0.1
  resolution: "fill-range@npm:7.0.1"
  dependencies:
    to-regex-range: ^5.0.1
  checksum: efca43d59b487ad4bc0b2b1cb9e51617c75a7b0159db51fa190c75c3d634ea5fad1ff4750d7c14346add4cd065e3c46e8f99af333edf2b4ec2a424f87e491a85
  languageName: node
  linkType: hard

"find-yarn-workspace-root@npm:^2.0.0":
  version: 2.0.0
  resolution: "find-yarn-workspace-root@npm:2.0.0"
  dependencies:
    micromatch: ^4.0.2
  checksum: 21c2b76621c58ecb0aadfeb128ece1ece979a9c43aac6f91bb422b20ca5744e63300d175692bc1a9e7b9f2f949f865e0f3ec05efeeabb81447146e6b4ccf003a
  languageName: node
  linkType: hard

"follow-redirects@npm:^1.10.0":
  version: 1.14.1
  resolution: "follow-redirects@npm:1.14.1"
  peerDependenciesMeta:
    debug:
      optional: true
  checksum: 761a18699688b19d66b3e9199ecaf9cd39ede953f3529299c7fca4190b27b855c17c491170977844d5db5e169ffc35ebae999bb0833e9c9c61988d19c20ae7ab
  languageName: node
  linkType: hard

"fs-extra@npm:^7.0.1":
  version: 7.0.1
  resolution: "fs-extra@npm:7.0.1"
  dependencies:
    graceful-fs: ^4.1.2
    jsonfile: ^4.0.0
    universalify: ^0.1.0
  checksum: 0de3773953a13b517f053dbfa291166da076cc563cdd8f0ecefc64018ab15d2614f1707860b82e6b0e41695f613c1855f410749bd01bcb585f0243b1018a6595
  languageName: node
  linkType: hard

"fs.realpath@npm:^1.0.0":
  version: 1.0.0
  resolution: "fs.realpath@npm:1.0.0"
  checksum: 698a91b1695e3926185c9e5b0dd57cf687dceb4eb73799af91e6b2ab741735e2962c366c5af6403ffddae2619914193bd339efa706fdc984d0ffc74b7a3603f4
  languageName: node
  linkType: hard

"glob@npm:^7.1.3":
  version: 7.1.7
  resolution: "glob@npm:7.1.7"
  dependencies:
    fs.realpath: ^1.0.0
    inflight: ^1.0.4
    inherits: 2
    minimatch: ^3.0.4
    once: ^1.3.0
    path-is-absolute: ^1.0.0
  checksum: 352f74f08247db5420161a2f68f2bd84b53228b5fcfc9dcc37cd54d3f19ec0232495d84aeff1286d0727059e9fdc1031400e00b971bdc59e30f8f82b199c9d02
  languageName: node
  linkType: hard

"graceful-fs@npm:^4.1.11, graceful-fs@npm:^4.1.2, graceful-fs@npm:^4.1.6":
  version: 4.2.6
  resolution: "graceful-fs@npm:4.2.6"
  checksum: 84d39c7756892553da990a9db7e45f844b3309b37b5a00174cbb4748476f2250c54f24594d4d252f64f085c65c2fdac7c809419bf6d55f0e6e42eb07ac0f5bf2
  languageName: node
  linkType: hard

"has-flag@npm:^3.0.0":
  version: 3.0.0
  resolution: "has-flag@npm:3.0.0"
  checksum: 63aade480d27aeedb3b5b63a2e069d47d0006bf182338d662e7941cdc024e68a28418e0efa8dc5df30db9c4ee2407f39e6ea3f16cfbc6b83848b450826a28aa0
  languageName: node
  linkType: hard

"hydralite-bot@workspace:.":
  version: 0.0.0-use.local
  resolution: "hydralite-bot@workspace:."
  dependencies:
    "@duxcore/interactive-discord": ^1.4.8
    "@types/node": ^16.3.2
    discord.js: ^12.5.3
    dotenv: ^10.0.0
    typescript: ^4.3.5
  languageName: unknown
  linkType: soft

"inflight@npm:^1.0.4":
  version: 1.0.6
  resolution: "inflight@npm:1.0.6"
  dependencies:
    once: ^1.3.0
    wrappy: 1
  checksum: 17c53fc42cbe7f7f471d2bc41b97a0cde4b79a74d5ff59997d3f75210566fa278e17596da526d43de2bd07e222706240ce50e60097e54f2cde2e64cbbb372638
  languageName: node
  linkType: hard

"inherits@npm:2":
  version: 2.0.4
  resolution: "inherits@npm:2.0.4"
  checksum: 98426da247ddfc3dcd7d7daedd90c3ca32d5b08deca08949726f12d49232aef94772a07b36cf4ff833e105ae2ef931777f6de4a6dd8245a216b9299ad4a50bea
  languageName: node
  linkType: hard

"is-ci@npm:^2.0.0":
  version: 2.0.0
  resolution: "is-ci@npm:2.0.0"
  dependencies:
    ci-info: ^2.0.0
  bin:
    is-ci: bin.js
  checksum: 09083018edafd63221ff0506356f13c0aaf4b75a6435ea648bc67d07ddab199b2d5b9297de43d0821df1a14c18cd9f1edd1775a0166abfe37390843e79137213
  languageName: node
  linkType: hard

"is-docker@npm:^2.0.0":
  version: 2.2.1
  resolution: "is-docker@npm:2.2.1"
  bin:
    is-docker: cli.js
  checksum: 7dbd6eecfe91984ef28ee80b13bd20ce4b27c1645542ae714a3976c881f7d166a3dcddb8b4f67c22285c4505f0b0e585a3b12feb4518b17f86b8a15b9f55c718
  languageName: node
  linkType: hard

"is-number@npm:^7.0.0":
  version: 7.0.0
  resolution: "is-number@npm:7.0.0"
  checksum: eec6e506c6de472af4bdfd0cc477e8aeb76f0a7066c8680fcdfed5324ee31a7d2b59d22313007c58aa80eb937f0c40eefdceedb851997d46b490b49f87160369
  languageName: node
  linkType: hard

"is-wsl@npm:^2.1.1":
  version: 2.2.0
  resolution: "is-wsl@npm:2.2.0"
  dependencies:
    is-docker: ^2.0.0
  checksum: 3dcc4073d4682b9f9a4c59411bb73716cfff88eae58a6bd0af302b8ee016263a5150302bb296bc81a4cb0d3b66c86d82b3ee0146ed15f6558022bc847a2549a2
  languageName: node
  linkType: hard

"isexe@npm:^2.0.0":
  version: 2.0.0
  resolution: "isexe@npm:2.0.0"
  checksum: 7b437980bb77881a146fba85cfbdf01edc2b148673e9c2722a1e49661fea73adf524430a80fdbfb8ce9f60d43224e682c657c45030482bd39e0c488fc29b4afe
  languageName: node
  linkType: hard

"jsonfile@npm:^4.0.0":
  version: 4.0.0
  resolution: "jsonfile@npm:4.0.0"
  dependencies:
    graceful-fs: ^4.1.6
  dependenciesMeta:
    graceful-fs:
      optional: true
  checksum: a40b7b64da41c84b0dc7ad753737ba240bb0dc50a94be20ec0b73459707dede69a6f89eb44b4d29e6994ed93ddf8c9b6e57f6b1f09dd707567959880ad6cee7f
  languageName: node
  linkType: hard

"klaw-sync@npm:^6.0.0":
  version: 6.0.0
  resolution: "klaw-sync@npm:6.0.0"
  dependencies:
    graceful-fs: ^4.1.11
  checksum: 40112f582d6b906ff556f2c8b67376bc1cad1939da981ac8265fcf6e46cad3bd521e7b9d1bd7e63016d744e7952eca4cb7a0da77466732c6b4e7fd51d42d76a4
  languageName: node
  linkType: hard

"micromatch@npm:^4.0.2":
  version: 4.0.4
  resolution: "micromatch@npm:4.0.4"
  dependencies:
    braces: ^3.0.1
    picomatch: ^2.2.3
  checksum: bc522ad93c086aa176f50fea2dc8060a8f7d7a621c811cf9ba02a1912577cc100190508166d721231465f10a575a40ec8a1bffc23bbc2c0108fcbf02e4be04ed
  languageName: node
  linkType: hard

"mime-db@npm:1.48.0":
  version: 1.48.0
  resolution: "mime-db@npm:1.48.0"
  checksum: 346d5df2ff2f501bdeff07e88a28d205f9cd27bccd3b8604847d3aee6ce73d4ecf88e943bbbce46c167d404487f46cdf09d57354c51b6f08a4d5833bcaafa59f
  languageName: node
  linkType: hard

"mime-types@npm:^2.1.12":
  version: 2.1.31
  resolution: "mime-types@npm:2.1.31"
  dependencies:
    mime-db: 1.48.0
  checksum: 0373e58e3826802e462cf0c180ca5556fd0990acaf123d421d5f8643f0ca61d2126ea57eb6f4ba96f9ef07d3e627c06261825418a6549b0671261cc1bb4219b4
  languageName: node
  linkType: hard

"minimatch@npm:^3.0.4":
  version: 3.0.4
  resolution: "minimatch@npm:3.0.4"
  dependencies:
    brace-expansion: ^1.1.7
  checksum: 47eab9263962cacd5733e274ecad2d8e54b0f8e124ba35ae69189e296058f634a4967b87a98954f86fa5c830ff177caf827ce0136d28717ed3232951fb4fae62
  languageName: node
  linkType: hard

"minimist@npm:^1.2.0":
  version: 1.2.5
  resolution: "minimist@npm:1.2.5"
  checksum: b77b8590147a4e217ff34266236bc39de23b52e6e33054076991ff674c7397a1380a7bde11111916f16f003a94aaa7e4f3d92595a32189644ff607fabc65a5b6
  languageName: node
  linkType: hard

"nice-try@npm:^1.0.4":
  version: 1.0.5
  resolution: "nice-try@npm:1.0.5"
  checksum: 330f190bf68146a560008b661e1ddbb2eac667c16990b6bf791516d89cceb707ec67901ad647d2b32674bfa816b916489cead5c2fb6e96864c659573ab5aa3bb
  languageName: node
  linkType: hard

"node-fetch@npm:^2.6.1":
  version: 2.6.1
  resolution: "node-fetch@npm:2.6.1"
  checksum: cbb171635e538162b977eac5dfe7a1e07a9a02e991924377a6435502291e2f823d306b95aabc455caebf4a118ccf836868462bc70ccc3095af02bb9da61fda37
  languageName: node
  linkType: hard

"once@npm:^1.3.0":
  version: 1.4.0
  resolution: "once@npm:1.4.0"
  dependencies:
    wrappy: 1
  checksum: 57afc246536cf6494437f982b26475f22bee860f8b77ce8eb1543f42a8bffe04b2c66ddfea9a16cb25ccb80943f8ee4fc639367ef97b7a6a4f2672eb573963f5
  languageName: node
  linkType: hard

"open@npm:^7.4.2":
  version: 7.4.2
  resolution: "open@npm:7.4.2"
  dependencies:
    is-docker: ^2.0.0
    is-wsl: ^2.1.1
  checksum: 07545fa768e5fbc25c6f53c6f17465f1b7ee663a494f87608d99a7b3227c83d2d2e0f0e5ecb70325b4ddef97dcd02d206f9afe3f8d6bb3d6612db9ca310ed4eb
  languageName: node
  linkType: hard

"os-tmpdir@npm:~1.0.2":
  version: 1.0.2
  resolution: "os-tmpdir@npm:1.0.2"
  checksum: ca158a3c2e48748adc7736cdbe4c593723f8ed8581d2aae2f2a30fdb9417d4ba14bed1cd487d47561898a7b1ece88bce69745e9ce0303e1dea9ea7d22d1f1082
  languageName: node
  linkType: hard

"patch-package@npm:^6.4.7":
  version: 6.4.7
  resolution: "patch-package@npm:6.4.7"
  dependencies:
    "@yarnpkg/lockfile": ^1.1.0
    chalk: ^2.4.2
    cross-spawn: ^6.0.5
    find-yarn-workspace-root: ^2.0.0
    fs-extra: ^7.0.1
    is-ci: ^2.0.0
    klaw-sync: ^6.0.0
    minimist: ^1.2.0
    open: ^7.4.2
    rimraf: ^2.6.3
    semver: ^5.6.0
    slash: ^2.0.0
    tmp: ^0.0.33
  bin:
    patch-package: index.js
  checksum: ff118d6b994f69957e8c695dd7d9a4bae4c43f25609427b287cd4414957eaec3efc87e9a44010fe1b5a64bdbd37ac6534e6e38d82deb3afb0ac66772e14e7a62
  languageName: node
  linkType: hard

"path-is-absolute@npm:^1.0.0":
  version: 1.0.1
  resolution: "path-is-absolute@npm:1.0.1"
  checksum: 907e1e3e6ac0aef6e65adffd75b3892191d76a5b94c5cf26b43667c4240531d11872ca6979c209b2e5e1609f7f579d02f64ba9936b48bb59d36cc529f0d965ed
  languageName: node
  linkType: hard

"path-key@npm:^2.0.1":
  version: 2.0.1
  resolution: "path-key@npm:2.0.1"
  checksum: 7dc807a2baa11d6bc0fca72148a0a0ca69ab73d98fbe42e10d22764d1ef547767f2b4ff827c6bc66e733388cd8d54297a45a39499825b9fdfd18959202384029
  languageName: node
  linkType: hard

"picomatch@npm:^2.2.3":
  version: 2.3.0
  resolution: "picomatch@npm:2.3.0"
  checksum: 80113a0fb70cfa62730d5aa3fd3d45b76bf3985f8494080ab2de1cc1fa3ba96d77990c7553a81401e16c51c0eb19c27cf5bc94f2196155090f26c8a167968001
  languageName: node
  linkType: hard

"postinstall-postinstall@npm:^2.1.0":
  version: 2.1.0
  resolution: "postinstall-postinstall@npm:2.1.0"
  checksum: e637f608f504ead45a2cc457db40cc70aab392d19504db5d7d55a84c0d04024d6d36393e066f001cdf0c8a634b2866c41df40fc964b3e88fc1c1672efde5c6be
  languageName: node
  linkType: hard

"prism-media@npm:^1.2.9":
  version: 1.3.1
  resolution: "prism-media@npm:1.3.1"
  peerDependencies:
    "@discordjs/opus": ^0.5.0
    ffmpeg-static: ^4.2.7 || ^3.0.0 || ^2.4.0
    node-opus: ^0.3.3
    opusscript: ^0.0.8
  peerDependenciesMeta:
    "@discordjs/opus":
      optional: true
    ffmpeg-static:
      optional: true
    node-opus:
      optional: true
    opusscript:
      optional: true
  checksum: 5d20527179c413b1b8ac8e5036f37641272855ba0d4d49cdd1f9260acb39705cd6dec0dabee0a9c0781919dbf1a301f76e0230ac4913e3a95ca67ae05456b293
  languageName: node
  linkType: hard

"rimraf@npm:^2.6.3":
  version: 2.7.1
  resolution: "rimraf@npm:2.7.1"
  dependencies:
    glob: ^7.1.3
  bin:
    rimraf: ./bin.js
  checksum: 059efac2838ef917d4d1da1d80e724ad28c120cdf14ca6ed27ca72db2dc70be3e25421cba5947c6ec3d804c1d2bb9a247254653816ee0722bf943ffdd1ae19ef
  languageName: node
  linkType: hard

"semver@npm:^5.5.0, semver@npm:^5.6.0":
  version: 5.7.1
  resolution: "semver@npm:5.7.1"
  bin:
    semver: ./bin/semver
  checksum: 06ff0ed753ebf741b7602be8faad620d6e160a2cb3f61019d00d919c8bca141638aa23c34da779b8595afdc9faa3678bfbb5f60366b6a4f65f98cf86605bbcdb
  languageName: node
  linkType: hard

"setimmediate@npm:^1.0.5":
  version: 1.0.5
  resolution: "setimmediate@npm:1.0.5"
  checksum: 87884d8add4779fe47ccf763396a5bf875640ae34d80a10802da4de5c25d87647c12f6e7748fd5b8c143b57201caf2a5a781631456c228825f166ca305c12f20
  languageName: node
  linkType: hard

"shebang-command@npm:^1.2.0":
  version: 1.2.0
  resolution: "shebang-command@npm:1.2.0"
  dependencies:
    shebang-regex: ^1.0.0
  checksum: 2a1e0092a6b80b14ec742ef4e982be8aa670edc7de3e8c68b26744fb535051f7d92518106387b52e9aabe0c1ceae33d23a7dfdb94c3d7f5035c3868b723a2854
  languageName: node
  linkType: hard

"shebang-regex@npm:^1.0.0":
  version: 1.0.0
  resolution: "shebang-regex@npm:1.0.0"
  checksum: cf1a41cb09023e7d39739d7145fcba57c3fabc6728b78ce706f7315cf52dfadf30f7eea664e069224fbcbbfb6ab853bc55ac45f494b47ee73fc209c98487fae5
  languageName: node
  linkType: hard

"slash@npm:^2.0.0":
  version: 2.0.0
  resolution: "slash@npm:2.0.0"
  checksum: 19b39a8b711b2820521ed23f915ecd86c6f1f64190a26ea2890367bcdbf6963b9f812c78dde91836cef67674f8463fe1cee1d58414716992f2949b102ffc57a1
  languageName: node
  linkType: hard

"supports-color@npm:^5.3.0":
  version: 5.5.0
  resolution: "supports-color@npm:5.5.0"
  dependencies:
    has-flag: ^3.0.0
  checksum: edacee6425498440744c418be94b0660181aad2a1828bcf2be85c42bd385da2fd8b2b358d9b62b0c5b03ff5cd3e992458d7b8f879d9fb42f2201fe05a4848a29
  languageName: node
  linkType: hard

"tiny-typed-emitter@npm:^2.0.3":
  version: 2.0.3
  resolution: "tiny-typed-emitter@npm:2.0.3"
  checksum: 03245fe966ccee4b73efcd35a6c8fd39e591e6c7d347e046d2b1f2092006acd13d3db911889195b85fef6e9c0bfac08c996d7af274b1b98f1de9ed932920cd7b
  languageName: node
  linkType: hard

"tmp@npm:^0.0.33":
  version: 0.0.33
  resolution: "tmp@npm:0.0.33"
  dependencies:
    os-tmpdir: ~1.0.2
  checksum: 77666ca424a78fcfcc27a6576f24f01aa1300b10d22e4f1808809e560777672dd2d4a112604ab2ad86ec7cafd24472b9ccc41373c2b5b83797f27e6aff06cbe5
  languageName: node
  linkType: hard

"to-regex-range@npm:^5.0.1":
  version: 5.0.1
  resolution: "to-regex-range@npm:5.0.1"
  dependencies:
    is-number: ^7.0.0
  checksum: 2b6001e314e4998a07137c197e333fac2f86d46d0593da90b678ae64e2daa07274b508f83cca09e6b3504cdf222497dcb5b7daceb6dc13a9a8872f58a27db907
  languageName: node
  linkType: hard

"tweetnacl@npm:^1.0.3":
  version: 1.0.3
  resolution: "tweetnacl@npm:1.0.3"
  checksum: 1188f3ef85db04d6dba632d211e481ae0a5805974491633ff60bd56ae3362312dfea1515e0d200685867b69ff212e8778e26923f8203e3c335064b07f620a6c7
  languageName: node
  linkType: hard

"typescript@^4.3.2, typescript@^4.3.5":
  version: 4.3.5
  resolution: "typescript@npm:4.3.5"
  bin:
    tsc: bin/tsc
    tsserver: bin/tsserver
  checksum: d9a8e78d72dd19896e6bfa73ab2a0fcea6eca2700d1d6e7c33f67a970af54a3e0fed8f715a8c4e6a0ff7fc0995067b394b2003518ab0aa84cd396377e54b760c
  languageName: node
  linkType: hard

"typescript@patch:typescript@^4.3.2#builtin<compat/typescript>, typescript@patch:typescript@^4.3.5#builtin<compat/typescript>":
  version: 4.3.5
  resolution: "typescript@patch:typescript@npm%3A4.3.5#builtin<compat/typescript>::version=4.3.5&hash=ddfc1b"
  bin:
    tsc: bin/tsc
    tsserver: bin/tsserver
  checksum: 7f0b8343f71ecac18095be1476b398aca420ab60dc207cc1efe078f381eef5527b80a518297720257114cdbda65612f8839e4b63e85dc95e67ac5cbbade8bdf0
  languageName: node
  linkType: hard

"universalify@npm:^0.1.0":
  version: 0.1.2
  resolution: "universalify@npm:0.1.2"
  checksum: 420fc6547357782c700d53e9a92506a8e95345b13e97684c8f9ab75237912ec2ebb6af8ac10d4f7406b7b6bd21c58f6c5c0811414fb0b4091b78b4743fa6806e
  languageName: node
  linkType: hard

"uuid@npm:^8.3.2":
  version: 8.3.2
  resolution: "uuid@npm:8.3.2"
  bin:
    uuid: dist/bin/uuid
  checksum: aed2bcef341f95635f308fea8831fb9038b18c485fe7e71feb89d2e05602dfecad0cb6f2246fae096d4da425cca6e8a71056f28abd97ad98cf770a2018853248
  languageName: node
  linkType: hard

"which@npm:^1.2.9":
  version: 1.3.1
  resolution: "which@npm:1.3.1"
  dependencies:
    isexe: ^2.0.0
  bin:
    which: ./bin/which
  checksum: 298d95f9c185c4da22c1bfb1fdfa37c2ba56df8a6b98706ab361bf31a7d3a4845afaecfc48d4de7a259048842b5f2977f51b56f5c06c1f6a83dcf5a9e3de634a
  languageName: node
  linkType: hard

"wrappy@npm:1":
  version: 1.0.2
  resolution: "wrappy@npm:1.0.2"
  checksum: 519fcda0fcdf0c16327be2de9d98646742307bc830277e8868529fcf7566f2b330a6453c233e0cdcb767d5838dd61a90984a02ecc983bcddebea5ad0833bbf98
  languageName: node
  linkType: hard

"ws@npm:^7.4.4":
  version: 7.5.3
  resolution: "ws@npm:7.5.3"
  peerDependencies:
    bufferutil: ^4.0.1
    utf-8-validate: ^5.0.2
  peerDependenciesMeta:
    bufferutil:
      optional: true
    utf-8-validate:
      optional: true
  checksum: 77ce9a21297a3a2a7a312f17bd7b98c14df11c151db12f1df814393c0e9c11e94592fc4b5b26e6d3da9de5006cbdb4bdfed0a7a2fb165fc5010d43af07b50d1c
  languageName: node
  linkType: hard
